<?xml version="1.0" encoding="UTF-8" standalone="yes" ?>
<CodeBlocks_project_file>
	<FileVersion major="1" minor="6" />
	<Project>
		<Option title="LeetCode" />
		<Option pch_mode="2" />
		<Option compiler="gcc" />
		<Build>
			<Target title="Debug">
				<Option output="bin/Debug/LeetCode" prefix_auto="1" extension_auto="1" />
				<Option object_output="obj/Debug/" />
				<Option type="1" />
				<Option compiler="gcc" />
				<Compiler>
					<Add option="-g" />
				</Compiler>
			</Target>
			<Target title="Release">
				<Option output="bin/Release/LeetCode" prefix_auto="1" extension_auto="1" />
				<Option object_output="obj/Release/" />
				<Option type="1" />
				<Option compiler="gcc" />
				<Compiler>
					<Add option="-O2" />
				</Compiler>
				<Linker>
					<Add option="-s" />
				</Linker>
			</Target>
		</Build>
		<Compiler>
			<Add option="-Wall" />
			<Add option="-fexceptions" />
		</Compiler>
		<Unit filename="AddTwoNumbers.hpp" />
		<Unit filename="BinaryTreeInorderTraversal.hpp" />
		<Unit filename="BinaryTreeLevelOrderTraversal.hpp" />
		<Unit filename="BinaryTreeLevelOrderTraversalII.hpp" />
		<Unit filename="BinaryTreePostorderTraversal.hpp" />
		<Unit filename="BinaryTreePreorderTraversal.hpp" />
		<Unit filename="BinaryTreeZigzagLevelOrderTraversal.hpp" />
		<Unit filename="FlattenBinaryTreeToLinkedList.hpp" />
		<Unit filename="List.cpp" />
		<Unit filename="List.hpp" />
		<Unit filename="MaximumDepthOfBinaryTree.hpp" />
		<Unit filename="MedianOfTwoSortedArrays.hpp" />
		<Unit filename="PathSum.hpp" />
		<Unit filename="PathSumII.hpp" />
		<Unit filename="PowxN.hpp" />
		<Unit filename="ReorderList.hpp" />
		<Unit filename="ReverseWordsInAString.hpp" />
		<Unit filename="SameTree.hpp" />
		<Unit filename="SingleNumber.hpp" />
		<Unit filename="SingleNumberII.hpp" />
		<Unit filename="Tree.cpp" />
		<Unit filename="Tree.hpp" />
		<Unit filename="TwoNum.hpp" />
		<Unit filename="main.cpp" />
		<Extensions>
			<code_completion />
			<envvars />
			<debugger />
			<lib_finder disable_auto="1" />
		</Extensions>
	</Project>
</CodeBlocks_project_file>
